github.com/SteinArildN/funtemps v0.0.0-20230313104409-e23d4d936ebb h1:84Hjm1XUp8URRbC6+fYwZZhqVYm85Sbmenc5ErUcYko=
github.com/SteinArildN/funtemps v0.0.0-20230313104409-e23d4d936ebb/go.mod h1:2Co+reWznvo3J1kGpKs1Kp4oXuqwwH7ls20peo14tZE=
github.com/SteinArildN/is105sem03 v0.0.0-20230420005926-313a7bdab25a h1:vKHWUN5KVbGQlvQrlFc7J54FWrsL5U4WeQOZTh5JKA0=
github.com/SteinArildN/is105sem03 v0.0.0-20230420005926-313a7bdab25a/go.mod h1:BK1HV9UZVhORzc1IYcQfGCpITWdDiXPwUzoNOTH92eU=
